
Microsoft Visual Studio Solution File, Format Version 12.00
# Visual Studio 15
VisualStudioVersion = 15.0.28307.572
MinimumVisualStudioVersion = 10.0.40219.1
Project("{8BC9CEB8-8B4A-11D0-8D11-00A0C91BC942}") = "XCSTG", "XCSTG\XCSTG.vcxproj", "{1EBCB079-B878-407E-AA5E-C12E7808DAD1}"
EndProject
Global
	GlobalSection(SolutionConfigurationPlatforms) = preSolution
		Debug|x64 = Debug|x64
		Debug|x86 = Debug|x86
		Release|x64 = Release|x64
		Release|x86 = Release|x86
	EndGlobalSection
	GlobalSection(ProjectConfigurationPlatforms) = postSolution
		{1EBCB079-B878-407E-AA5E-C12E7808DAD1}.Debug|x64.ActiveCfg = Debug|x64
		{1EBCB079-B878-407E-AA5E-C12E7808DAD1}.Debug|x64.Build.0 = Debug|x64
		{1EBCB079-B878-407E-AA5E-C12E7808DAD1}.Debug|x86.ActiveCfg = Debug|Win32
		{1EBCB079-B878-407E-AA5E-C12E7808DAD1}.Debug|x86.Build.0 = Debug|Win32
		{1EBCB079-B878-407E-AA5E-C12E7808DAD1}.Release|x64.ActiveCfg = Release|x64
		{1EBCB079-B878-407E-AA5E-C12E7808DAD1}.Release|x64.Build.0 = Release|x64
		{1EBCB079-B878-407E-AA5E-C12E7808DAD1}.Release|x86.ActiveCfg = Release|Win32
		{1EBCB079-B878-407E-AA5E-C12E7808DAD1}.Release|x86.Build.0 = Release|Win32
	EndGlobalSection
	GlobalSection(SolutionProperties) = preSolution
		HideSolutionNode = FALSE
	EndGlobalSection
	GlobalSection(ExtensibilityGlobals) = postSolution
		SolutionGuid = {162E816B-3CB3-4D57-B009-8017513B5706}
	EndGlobalSection
EndGlobal
