<?xml version="1.0" encoding="utf-8"?>
<Project ToolsVersion="4.0" xmlns="http://schemas.microsoft.com/developer/msbuild/2003">
  <ItemGroup>
    <Filter Include="源文件">
      <UniqueIdentifier>{4FC737F1-C7A5-4376-A066-2A32D752A2FF}</UniqueIdentifier>
      <Extensions>cpp;c;cc;cxx;def;odl;idl;hpj;bat;asm;asmx</Extensions>
    </Filter>
    <Filter Include="头文件">
      <UniqueIdentifier>{93995380-89BD-4b04-88EB-625FBE52EBFB}</UniqueIdentifier>
      <Extensions>h;hh;hpp;hxx;hm;inl;inc;ipp;xsd</Extensions>
    </Filter>
    <Filter Include="资源文件">
      <UniqueIdentifier>{67DA6AB6-F800-4c08-8B7A-83BB121AAD01}</UniqueIdentifier>
      <Extensions>rc;ico;cur;bmp;dlg;rc2;rct;bin;rgs;gif;jpg;jpeg;jpe;resx;tiff;tif;png;wav;mfcribbon-ms</Extensions>
    </Filter>
    <Filter Include="头文件\util">
      <UniqueIdentifier>{eb599ca8-ca6e-4ee5-a47c-f7e19a5d6878}</UniqueIdentifier>
    </Filter>
    <Filter Include="源文件\util">
      <UniqueIdentifier>{8d8a9343-c1ee-4788-87ea-f1e1b1852a3f}</UniqueIdentifier>
    </Filter>
    <Filter Include="头文件\XCBullet">
      <UniqueIdentifier>{05a02868-4bac-4a2b-9fc2-8b816d9799b1}</UniqueIdentifier>
    </Filter>
    <Filter Include="源文件\XCBullet">
      <UniqueIdentifier>{2c3d4d72-913f-42c2-9181-eb0a8e07e2f2}</UniqueIdentifier>
    </Filter>
    <Filter Include="头文件\XCGame">
      <UniqueIdentifier>{ca4c3328-21c8-46c8-b9b1-31621d55ba28}</UniqueIdentifier>
    </Filter>
    <Filter Include="源文件\XCGame">
      <UniqueIdentifier>{b650d3f9-0cea-4df9-bff4-eeaf71851ad1}</UniqueIdentifier>
    </Filter>
    <Filter Include="头文件\XCShape">
      <UniqueIdentifier>{baba3fa5-89a5-4f8d-971d-da06981905b0}</UniqueIdentifier>
    </Filter>
    <Filter Include="源文件\XCShape">
      <UniqueIdentifier>{62d166b3-7e80-41ca-9a3b-3158978eaf82}</UniqueIdentifier>
    </Filter>
    <Filter Include="头文件\XCSpecialEffect">
      <UniqueIdentifier>{ac54a096-eca6-4f64-a101-a374e8712e9a}</UniqueIdentifier>
    </Filter>
    <Filter Include="源文件\XCSpecialEffect">
      <UniqueIdentifier>{8a0322c5-cf36-4cea-9065-48fec2ebed87}</UniqueIdentifier>
    </Filter>
    <Filter Include="头文件\XCGame\Enemy">
      <UniqueIdentifier>{e7d6aa5a-5e67-4bf6-8272-3dd29f0d59ab}</UniqueIdentifier>
    </Filter>
    <Filter Include="源文件\XCGame\Enemy">
      <UniqueIdentifier>{906ab26a-f867-4406-ac2c-ae2aaf755d23}</UniqueIdentifier>
    </Filter>
    <Filter Include="头文件\XCTask">
      <UniqueIdentifier>{92a0022a-dca1-47e3-b4cf-d734ab600635}</UniqueIdentifier>
    </Filter>
    <Filter Include="源文件\XCTask">
      <UniqueIdentifier>{d1e65255-99bb-43ac-8698-fba5c9b3281d}</UniqueIdentifier>
    </Filter>
    <Filter Include="头文件\XCSpellCard">
      <UniqueIdentifier>{fc7bb195-0a77-457c-a324-de0ced1bce58}</UniqueIdentifier>
    </Filter>
    <Filter Include="源文件\XCSpellCard">
      <UniqueIdentifier>{845fadb2-d7a2-405b-9653-95ceb6210192}</UniqueIdentifier>
    </Filter>
    <Filter Include="头文件\XCGame\Enemy\XCBoss">
      <UniqueIdentifier>{35e9f84b-4071-4741-8a5e-d48ada89669e}</UniqueIdentifier>
    </Filter>
    <Filter Include="源文件\XCGame\Enemy\XCBoss">
      <UniqueIdentifier>{895cc25d-0c5e-4a9a-a3d2-fef7eb3cf8b7}</UniqueIdentifier>
    </Filter>
    <Filter Include="头文件\XCAudio">
      <UniqueIdentifier>{a2e23f7a-7b18-4ea3-8259-ae048ba1e267}</UniqueIdentifier>
    </Filter>
    <Filter Include="源文件\XCAudio">
      <UniqueIdentifier>{fbe3d31f-4653-4781-9b2f-4f23325a96aa}</UniqueIdentifier>
    </Filter>
    <Filter Include="源文件\XCRenderGroup">
      <UniqueIdentifier>{6481d8cc-2edf-42f7-986b-ef56606ba050}</UniqueIdentifier>
    </Filter>
    <Filter Include="头文件\XCRenderGroup">
      <UniqueIdentifier>{ceec9f41-8aed-47a1-8dea-2ef83d4c9ba8}</UniqueIdentifier>
    </Filter>
    <Filter Include="头文件\XCGame\Attack">
      <UniqueIdentifier>{8c1fad5a-b382-4779-9803-a52af54f4f64}</UniqueIdentifier>
    </Filter>
    <Filter Include="源文件\XCGame\Attack">
      <UniqueIdentifier>{a8eecf9c-d979-4380-ba12-57f06ff1eee7}</UniqueIdentifier>
    </Filter>
    <Filter Include="头文件\XCBackground">
      <UniqueIdentifier>{3c69c1d0-69d0-4527-9d71-c479aee8b418}</UniqueIdentifier>
    </Filter>
    <Filter Include="源文件\XCBackground">
      <UniqueIdentifier>{44498ec6-3440-4441-a60b-60a33423fdf8}</UniqueIdentifier>
    </Filter>
    <Filter Include="源文件\XCReplay">
      <UniqueIdentifier>{397d03e1-c697-4939-a4ad-c397df8b2996}</UniqueIdentifier>
    </Filter>
    <Filter Include="头文件\XCReplay">
      <UniqueIdentifier>{539d4898-5d4b-482d-bd8a-a322c466a9c0}</UniqueIdentifier>
    </Filter>
    <Filter Include="源文件\XCFont">
      <UniqueIdentifier>{11db1d51-2733-425f-9eb1-cd0726143aff}</UniqueIdentifier>
    </Filter>
    <Filter Include="头文件\XCFont">
      <UniqueIdentifier>{e36859e0-4f68-41e0-8827-55b58a99c845}</UniqueIdentifier>
    </Filter>
    <Filter Include="源文件\XCStage0">
      <UniqueIdentifier>{74ac1ac1-c89a-427f-aff3-db8e9dbe6767}</UniqueIdentifier>
    </Filter>
    <Filter Include="头文件\XCStage0">
      <UniqueIdentifier>{3476c0b9-9fb7-42b4-a580-a03c103cd307}</UniqueIdentifier>
    </Filter>
    <Filter Include="头文件\XCScene">
      <UniqueIdentifier>{328c766f-4416-45e6-aaa2-195fa8ae5e5c}</UniqueIdentifier>
    </Filter>
    <Filter Include="头文件\XCScene\XCModel">
      <UniqueIdentifier>{12cfe809-b985-4670-accc-28f6a4af4531}</UniqueIdentifier>
    </Filter>
    <Filter Include="源文件\XCScene">
      <UniqueIdentifier>{dae2fca2-7875-4ce4-bf2b-ec560313e152}</UniqueIdentifier>
    </Filter>
    <Filter Include="源文件\XCScene\XCModel">
      <UniqueIdentifier>{5e6ef8cb-83fc-4307-af72-4dd78f759c00}</UniqueIdentifier>
    </Filter>
  </ItemGroup>
  <ItemGroup>
    <ClCompile Include="util\AppFrameWork.cpp">
      <Filter>源文件\util</Filter>
    </ClCompile>
    <ClCompile Include="util\ImageLoader.cpp">
      <Filter>源文件\util</Filter>
    </ClCompile>
    <ClCompile Include="util\ShaderReader.cpp">
      <Filter>源文件\util</Filter>
    </ClCompile>
    <ClCompile Include="XCustomizedSTGMain.cpp">
      <Filter>源文件</Filter>
    </ClCompile>
    <ClCompile Include="XCSpecialEffect\XCRing.cpp">
      <Filter>源文件\XCSpecialEffect</Filter>
    </ClCompile>
    <ClCompile Include="XCGame\Enemy\XCNormalEnemy.cpp">
      <Filter>源文件\XCGame\Enemy</Filter>
    </ClCompile>
    <ClCompile Include="XCBullet\XCCircleBullet.cpp">
      <Filter>源文件\XCBullet</Filter>
    </ClCompile>
    <ClCompile Include="XCGame\Enemy\XCEnemyInfo.cpp">
      <Filter>源文件\XCGame\Enemy</Filter>
    </ClCompile>
    <ClCompile Include="XCTask\XCTaskLoop.cpp">
      <Filter>源文件\XCTask</Filter>
    </ClCompile>
    <ClCompile Include="XCTask\XCPlayerTask.cpp">
      <Filter>源文件\XCTask</Filter>
    </ClCompile>
    <ClCompile Include="XCStage\XCBTStage1.cpp">
      <Filter>源文件\XCStage0</Filter>
    </ClCompile>
    <ClCompile Include="XCStage\XCEYStage1.cpp">
      <Filter>源文件\XCStage0</Filter>
    </ClCompile>
    <ClCompile Include="XCGame\Enemy\XCBoss.cpp">
      <Filter>源文件\XCGame\Enemy</Filter>
    </ClCompile>
    <ClCompile Include="XCGame\Enemy\XCEnemyBase.cpp">
      <Filter>源文件\XCGame\Enemy</Filter>
    </ClCompile>
    <ClCompile Include="XCGame\Enemy\Boss\XCTestBoss.cpp">
      <Filter>源文件\XCGame\Enemy\XCBoss</Filter>
    </ClCompile>
    <ClCompile Include="XCStage\XCTestSC.cpp">
      <Filter>源文件\XCStage0</Filter>
    </ClCompile>
    <ClCompile Include="XCStage\XCBossTaskTest.cpp">
      <Filter>源文件\XCStage0</Filter>
    </ClCompile>
    <ClCompile Include="util\GameTimer.cpp">
      <Filter>源文件\util</Filter>
    </ClCompile>
    <ClCompile Include="XCShape\XCDefaultShape.cpp">
      <Filter>源文件\XCShape</Filter>
    </ClCompile>
    <ClCompile Include="util\ConfigManager.cpp">
      <Filter>源文件\util</Filter>
    </ClCompile>
    <ClCompile Include="XCAudio\XCAudioEffect.cpp">
      <Filter>源文件\XCAudio</Filter>
    </ClCompile>
    <ClCompile Include="util\gl3w.c">
      <Filter>源文件\util</Filter>
    </ClCompile>
    <ClCompile Include="XCSpecialEffect\XCParticle.cpp">
      <Filter>源文件\XCSpecialEffect</Filter>
    </ClCompile>
    <ClCompile Include="XCRenderGroup\PlayerEntity.cpp">
      <Filter>源文件\XCRenderGroup</Filter>
    </ClCompile>
    <ClCompile Include="XCRenderGroup\ParticleGroup.cpp">
      <Filter>源文件\XCRenderGroup</Filter>
    </ClCompile>
    <ClCompile Include="XCGame\Attack\XCNormalAttack.cpp">
      <Filter>源文件\XCGame\Attack</Filter>
    </ClCompile>
    <ClCompile Include="XCSpecialEffect\XCGameInfoSlot.cpp">
      <Filter>源文件\XCSpecialEffect</Filter>
    </ClCompile>
    <ClCompile Include="XCSpecialEffect\XCDialog.cpp">
      <Filter>源文件\XCSpecialEffect</Filter>
    </ClCompile>
    <ClCompile Include="XCReplay\XCReplay.cpp">
      <Filter>源文件\XCReplay</Filter>
    </ClCompile>
    <ClCompile Include="XCFont\XCFont.cpp">
      <Filter>源文件\XCFont</Filter>
    </ClCompile>
    <ClCompile Include="XCBackground\XCBackgroundStatic.cpp">
      <Filter>源文件\XCBackground</Filter>
    </ClCompile>
    <ClCompile Include="XCScene\XCModel\XCMesh.cpp">
      <Filter>源文件\XCScene\XCModel</Filter>
    </ClCompile>
    <ClCompile Include="XCScene\XCModel\XCModel.cpp">
      <Filter>源文件\XCScene\XCModel</Filter>
    </ClCompile>
    <ClCompile Include="util\ImageArrayLoader.cpp">
      <Filter>源文件\util</Filter>
    </ClCompile>
    <ClCompile Include="XCScene\XCMountainScene.cpp">
      <Filter>源文件\XCScene</Filter>
    </ClCompile>
    <ClCompile Include="XCBackground\XCBackgroundDynamic.cpp">
      <Filter>源文件\XCBackground</Filter>
    </ClCompile>
  </ItemGroup>
  <ItemGroup>
    <ClInclude Include="util\AppFrameWork.h">
      <Filter>头文件\util</Filter>
    </ClInclude>
    <ClInclude Include="util\ImageLoader.h">
      <Filter>头文件\util</Filter>
    </ClInclude>
    <ClInclude Include="util\ShaderReader.h">
      <Filter>头文件\util</Filter>
    </ClInclude>
    <ClInclude Include="XCSpecialEffect\XCRing.h">
      <Filter>头文件\XCSpecialEffect</Filter>
    </ClInclude>
    <ClInclude Include="XCShape\XCDefaultShape.h">
      <Filter>头文件\XCShape</Filter>
    </ClInclude>
    <ClInclude Include="XCGame\Enemy\XCNormalEnemy.h">
      <Filter>头文件\XCGame\Enemy</Filter>
    </ClInclude>
    <ClInclude Include="XCBullet\XCBullet.h">
      <Filter>头文件\XCBullet</Filter>
    </ClInclude>
    <ClInclude Include="XCBullet\XCCircleBullet.h">
      <Filter>头文件\XCBullet</Filter>
    </ClInclude>
    <ClInclude Include="XCGame\Enemy\XCEnemyInfo.h">
      <Filter>头文件\XCGame\Enemy</Filter>
    </ClInclude>
    <ClInclude Include="XCTask\XCTaskLoop.h">
      <Filter>头文件\XCTask</Filter>
    </ClInclude>
    <ClInclude Include="XCTask\XCTask.h">
      <Filter>头文件\XCTask</Filter>
    </ClInclude>
    <ClInclude Include="XCTask\XCTaskCollisonInfo.h">
      <Filter>头文件\XCTask</Filter>
    </ClInclude>
    <ClInclude Include="XCTask\XCTaskRenderInfo.h">
      <Filter>头文件\XCTask</Filter>
    </ClInclude>
    <ClInclude Include="XCTask\XCEnemyTask.h">
      <Filter>头文件\XCTask</Filter>
    </ClInclude>
    <ClInclude Include="XCTask\XCPlayerTask.h">
      <Filter>头文件\XCTask</Filter>
    </ClInclude>
    <ClInclude Include="XCTask\XCBulletTask.h">
      <Filter>头文件\XCTask</Filter>
    </ClInclude>
    <ClInclude Include="XCStage\XCBTStage1.h">
      <Filter>头文件\XCStage0</Filter>
    </ClInclude>
    <ClInclude Include="XCStage\XCEYStage1.h">
      <Filter>头文件\XCStage0</Filter>
    </ClInclude>
    <ClInclude Include="XCGame\Enemy\XCBoss.h">
      <Filter>头文件\XCGame\Enemy</Filter>
    </ClInclude>
    <ClInclude Include="XCGame\Enemy\XCEnemyBase.h">
      <Filter>头文件\XCGame\Enemy</Filter>
    </ClInclude>
    <ClInclude Include="XCSpellCard\XCSpellCard.h">
      <Filter>头文件\XCSpellCard</Filter>
    </ClInclude>
    <ClInclude Include="XCGame\Enemy\Boss\XCTestBoss.h">
      <Filter>头文件\XCGame\Enemy\XCBoss</Filter>
    </ClInclude>
    <ClInclude Include="resource.h">
      <Filter>头文件</Filter>
    </ClInclude>
    <ClInclude Include="XCTask\XCBossTask.h">
      <Filter>头文件\XCTask</Filter>
    </ClInclude>
    <ClInclude Include="XCStage\XCBossTaskTest.h">
      <Filter>头文件\XCStage0</Filter>
    </ClInclude>
    <ClInclude Include="XCStage\XCTestSC.h">
      <Filter>头文件\XCStage0</Filter>
    </ClInclude>
    <ClInclude Include="util\GameTimer.h">
      <Filter>头文件\util</Filter>
    </ClInclude>
    <ClInclude Include="util\ConfigManager.h">
      <Filter>头文件\util</Filter>
    </ClInclude>
    <ClInclude Include="XCAudio\XCAudio.h">
      <Filter>头文件\XCAudio</Filter>
    </ClInclude>
    <ClInclude Include="XCAudio\XCAudioEffect.h">
      <Filter>头文件\XCAudio</Filter>
    </ClInclude>
    <ClInclude Include="XCSpecialEffect\XCParticle.h">
      <Filter>头文件\XCSpecialEffect</Filter>
    </ClInclude>
    <ClInclude Include="XCSpecialEffect\XCSpecialEffect.h">
      <Filter>头文件\XCSpecialEffect</Filter>
    </ClInclude>
    <ClInclude Include="XCRenderGroup\PlayerEntity.h">
      <Filter>头文件\XCRenderGroup</Filter>
    </ClInclude>
    <ClInclude Include="XCRenderGroup\ParticleGroup.h">
      <Filter>头文件\XCRenderGroup</Filter>
    </ClInclude>
    <ClInclude Include="XCGame\Attack\XCNormalAttack.h">
      <Filter>头文件\XCGame\Attack</Filter>
    </ClInclude>
    <ClInclude Include="XCGame\XCEntity.h">
      <Filter>头文件\XCGame</Filter>
    </ClInclude>
    <ClInclude Include="XCSpecialEffect\XCGameInfoSlot.h">
      <Filter>头文件\XCSpecialEffect</Filter>
    </ClInclude>
    <ClInclude Include="XCSpecialEffect\XCDialog.h">
      <Filter>头文件\XCSpecialEffect</Filter>
    </ClInclude>
    <ClInclude Include="XCBackground\XCBackground.h">
      <Filter>头文件\XCBackground</Filter>
    </ClInclude>
    <ClInclude Include="XCBackground\XCBackgroundStatic.h">
      <Filter>头文件\XCBackground</Filter>
    </ClInclude>
    <ClInclude Include="XCReplay\XCReplay.h">
      <Filter>头文件\XCReplay</Filter>
    </ClInclude>
    <ClInclude Include="XCFont\XCFont.h">
      <Filter>头文件\XCFont</Filter>
    </ClInclude>
    <ClInclude Include="XCTask\XCBackgroundTask.h">
      <Filter>头文件\XCTask</Filter>
    </ClInclude>
    <ClInclude Include="XCStage\XCTestBG.h">
      <Filter>头文件\XCStage0</Filter>
    </ClInclude>
    <ClInclude Include="XCScene\XCModel\XCMesh.h">
      <Filter>头文件\XCScene\XCModel</Filter>
    </ClInclude>
    <ClInclude Include="XCScene\XCModel\XCModel.h">
      <Filter>头文件\XCScene\XCModel</Filter>
    </ClInclude>
    <ClInclude Include="XCScene\XCCamera.h">
      <Filter>头文件\XCScene</Filter>
    </ClInclude>
    <ClInclude Include="XCScene\XCScene.h">
      <Filter>头文件\XCScene</Filter>
    </ClInclude>
    <ClInclude Include="util\ImageArrayLoader.h">
      <Filter>头文件\util</Filter>
    </ClInclude>
    <ClInclude Include="XCScene\XCMountainScene.h">
      <Filter>头文件\XCScene</Filter>
    </ClInclude>
    <ClInclude Include="XCBackground\XCBackgroundDynamic.h">
      <Filter>头文件\XCBackground</Filter>
    </ClInclude>
    <ClInclude Include="XCStage\XCTestDynamicBG.h">
      <Filter>头文件\XCStage0</Filter>
    </ClInclude>
  </ItemGroup>
  <ItemGroup>
    <ResourceCompile Include="XCSTG.rc">
      <Filter>资源文件</Filter>
    </ResourceCompile>
  </ItemGroup>
  <ItemGroup>
    <Image Include="..\xcstg.ico">
      <Filter>资源文件</Filter>
    </Image>
  </ItemGroup>
</Project>