<?xml version="1.0" encoding="utf-8"?>
<Project ToolsVersion="4.0" xmlns="http://schemas.microsoft.com/developer/msbuild/2003">
  <ItemGroup>
    <Filter Include="源文件">
      <UniqueIdentifier>{4FC737F1-C7A5-4376-A066-2A32D752A2FF}</UniqueIdentifier>
      <Extensions>cpp;c;cc;cxx;def;odl;idl;hpj;bat;asm;asmx</Extensions>
    </Filter>
    <Filter Include="头文件">
      <UniqueIdentifier>{93995380-89BD-4b04-88EB-625FBE52EBFB}</UniqueIdentifier>
      <Extensions>h;hh;hpp;hxx;hm;inl;inc;ipp;xsd</Extensions>
    </Filter>
    <Filter Include="资源文件">
      <UniqueIdentifier>{67DA6AB6-F800-4c08-8B7A-83BB121AAD01}</UniqueIdentifier>
      <Extensions>rc;ico;cur;bmp;dlg;rc2;rct;bin;rgs;gif;jpg;jpeg;jpe;resx;tiff;tif;png;wav;mfcribbon-ms</Extensions>
    </Filter>
    <Filter Include="头文件\util">
      <UniqueIdentifier>{eb599ca8-ca6e-4ee5-a47c-f7e19a5d6878}</UniqueIdentifier>
    </Filter>
    <Filter Include="源文件\util">
      <UniqueIdentifier>{8d8a9343-c1ee-4788-87ea-f1e1b1852a3f}</UniqueIdentifier>
    </Filter>
    <Filter Include="头文件\XCBullet">
      <UniqueIdentifier>{05a02868-4bac-4a2b-9fc2-8b816d9799b1}</UniqueIdentifier>
    </Filter>
    <Filter Include="源文件\XCBullet">
      <UniqueIdentifier>{2c3d4d72-913f-42c2-9181-eb0a8e07e2f2}</UniqueIdentifier>
    </Filter>
    <Filter Include="头文件\XCGame">
      <UniqueIdentifier>{ca4c3328-21c8-46c8-b9b1-31621d55ba28}</UniqueIdentifier>
    </Filter>
    <Filter Include="源文件\XCGame">
      <UniqueIdentifier>{b650d3f9-0cea-4df9-bff4-eeaf71851ad1}</UniqueIdentifier>
    </Filter>
    <Filter Include="头文件\XCShape">
      <UniqueIdentifier>{baba3fa5-89a5-4f8d-971d-da06981905b0}</UniqueIdentifier>
    </Filter>
    <Filter Include="源文件\XCShape">
      <UniqueIdentifier>{62d166b3-7e80-41ca-9a3b-3158978eaf82}</UniqueIdentifier>
    </Filter>
    <Filter Include="头文件\XCSpecialEffect">
      <UniqueIdentifier>{ac54a096-eca6-4f64-a101-a374e8712e9a}</UniqueIdentifier>
    </Filter>
    <Filter Include="源文件\XCSpecialEffect">
      <UniqueIdentifier>{8a0322c5-cf36-4cea-9065-48fec2ebed87}</UniqueIdentifier>
    </Filter>
    <Filter Include="头文件\XCGame\Enemy">
      <UniqueIdentifier>{e7d6aa5a-5e67-4bf6-8272-3dd29f0d59ab}</UniqueIdentifier>
    </Filter>
    <Filter Include="源文件\XCGame\Enemy">
      <UniqueIdentifier>{906ab26a-f867-4406-ac2c-ae2aaf755d23}</UniqueIdentifier>
    </Filter>
    <Filter Include="头文件\RenderGroup">
      <UniqueIdentifier>{ceec9f41-8aed-47a1-8dea-2ef83d4c9ba8}</UniqueIdentifier>
    </Filter>
    <Filter Include="源文件\RenderGroup">
      <UniqueIdentifier>{6481d8cc-2edf-42f7-986b-ef56606ba050}</UniqueIdentifier>
    </Filter>
    <Filter Include="头文件\XCTask">
      <UniqueIdentifier>{92a0022a-dca1-47e3-b4cf-d734ab600635}</UniqueIdentifier>
    </Filter>
    <Filter Include="源文件\XCTask">
      <UniqueIdentifier>{d1e65255-99bb-43ac-8698-fba5c9b3281d}</UniqueIdentifier>
    </Filter>
    <Filter Include="头文件\XCStage">
      <UniqueIdentifier>{3476c0b9-9fb7-42b4-a580-a03c103cd307}</UniqueIdentifier>
    </Filter>
    <Filter Include="源文件\XCStage">
      <UniqueIdentifier>{74ac1ac1-c89a-427f-aff3-db8e9dbe6767}</UniqueIdentifier>
    </Filter>
    <Filter Include="头文件\XCSpellCard">
      <UniqueIdentifier>{fc7bb195-0a77-457c-a324-de0ced1bce58}</UniqueIdentifier>
    </Filter>
    <Filter Include="源文件\XCSpellCard">
      <UniqueIdentifier>{845fadb2-d7a2-405b-9653-95ceb6210192}</UniqueIdentifier>
    </Filter>
    <Filter Include="头文件\XCGame\Enemy\XCBoss">
      <UniqueIdentifier>{35e9f84b-4071-4741-8a5e-d48ada89669e}</UniqueIdentifier>
    </Filter>
    <Filter Include="源文件\XCGame\Enemy\XCBoss">
      <UniqueIdentifier>{895cc25d-0c5e-4a9a-a3d2-fef7eb3cf8b7}</UniqueIdentifier>
    </Filter>
  </ItemGroup>
  <ItemGroup>
    <ClCompile Include="util\AppFrameWork.cpp">
      <Filter>源文件\util</Filter>
    </ClCompile>
    <ClCompile Include="util\ImageLoader.cpp">
      <Filter>源文件\util</Filter>
    </ClCompile>
    <ClCompile Include="util\ShaderReader.cpp">
      <Filter>源文件\util</Filter>
    </ClCompile>
    <ClCompile Include="XCustomizedSTGMain.cpp">
      <Filter>源文件</Filter>
    </ClCompile>
    <ClCompile Include="rendergroup\BackGroundRenderGroup.cpp">
      <Filter>源文件\RenderGroup</Filter>
    </ClCompile>
    <ClCompile Include="XCSpecialEffect\XCExplode.cpp">
      <Filter>源文件\XCSpecialEffect</Filter>
    </ClCompile>
    <ClCompile Include="XCSpecialEffect\XCRing.cpp">
      <Filter>源文件\XCSpecialEffect</Filter>
    </ClCompile>
    <ClCompile Include="XCGame\XCNormalAttack.cpp">
      <Filter>源文件\XCGame</Filter>
    </ClCompile>
    <ClCompile Include="XCGame\XCTraceAttack.cpp">
      <Filter>源文件\XCGame</Filter>
    </ClCompile>
    <ClCompile Include="XCGame\Enemy\XCNormalEnemy.cpp">
      <Filter>源文件\XCGame\Enemy</Filter>
    </ClCompile>
    <ClCompile Include="XCBullet\XCCircleBullet.cpp">
      <Filter>源文件\XCBullet</Filter>
    </ClCompile>
    <ClCompile Include="XCGame\Enemy\XCEnemyInfo.cpp">
      <Filter>源文件\XCGame\Enemy</Filter>
    </ClCompile>
    <ClCompile Include="util\gl3w.c">
      <Filter>源文件\util</Filter>
    </ClCompile>
    <ClCompile Include="XCTask\XCTaskLoop.cpp">
      <Filter>源文件\XCTask</Filter>
    </ClCompile>
    <ClCompile Include="XCTask\XCPlayerTask.cpp">
      <Filter>源文件\XCTask</Filter>
    </ClCompile>
    <ClCompile Include="rendergroup\PlayerEntity.cpp">
      <Filter>源文件\RenderGroup</Filter>
    </ClCompile>
    <ClCompile Include="XCStage\XCBTStage1.cpp">
      <Filter>源文件\XCStage</Filter>
    </ClCompile>
    <ClCompile Include="XCStage\XCEYStage1.cpp">
      <Filter>源文件\XCStage</Filter>
    </ClCompile>
    <ClCompile Include="XCGame\Enemy\XCBoss.cpp">
      <Filter>源文件\XCGame\Enemy</Filter>
    </ClCompile>
    <ClCompile Include="XCGame\Enemy\XCEnemyBase.cpp">
      <Filter>源文件\XCGame\Enemy</Filter>
    </ClCompile>
    <ClCompile Include="XCSpellCard\XCSpellCard.cpp">
      <Filter>源文件\XCSpellCard</Filter>
    </ClCompile>
    <ClCompile Include="XCGame\Enemy\Boss\XCTestBoss.cpp">
      <Filter>源文件\XCGame\Enemy\XCBoss</Filter>
    </ClCompile>
    <ClCompile Include="XCShape\XCDefaultTexturePosition.cpp">
      <Filter>源文件\XCShape</Filter>
    </ClCompile>
  </ItemGroup>
  <ItemGroup>
    <ClInclude Include="util\AppFrameWork.h">
      <Filter>头文件\util</Filter>
    </ClInclude>
    <ClInclude Include="util\ImageLoader.h">
      <Filter>头文件\util</Filter>
    </ClInclude>
    <ClInclude Include="util\ShaderReader.h">
      <Filter>头文件\util</Filter>
    </ClInclude>
    <ClInclude Include="rendergroup\BackGroundRenderGroup.h">
      <Filter>头文件\RenderGroup</Filter>
    </ClInclude>
    <ClInclude Include="XCSpecialEffect\XCExplode.h">
      <Filter>头文件\XCSpecialEffect</Filter>
    </ClInclude>
    <ClInclude Include="XCSpecialEffect\XCRing.h">
      <Filter>头文件\XCSpecialEffect</Filter>
    </ClInclude>
    <ClInclude Include="XCShape\XCDefaultShape.h">
      <Filter>头文件\XCShape</Filter>
    </ClInclude>
    <ClInclude Include="XCGame\XCNormalAttack.h">
      <Filter>头文件\XCGame</Filter>
    </ClInclude>
    <ClInclude Include="XCGame\XCTraceAttack.h">
      <Filter>头文件\XCGame</Filter>
    </ClInclude>
    <ClInclude Include="XCGame\Enemy\XCNormalEnemy.h">
      <Filter>头文件\XCGame\Enemy</Filter>
    </ClInclude>
    <ClInclude Include="XCBullet\XCBullet.h">
      <Filter>头文件\XCBullet</Filter>
    </ClInclude>
    <ClInclude Include="XCBullet\XCCircleBullet.h">
      <Filter>头文件\XCBullet</Filter>
    </ClInclude>
    <ClInclude Include="XCGame\Enemy\XCEnemyInfo.h">
      <Filter>头文件\XCGame\Enemy</Filter>
    </ClInclude>
    <ClInclude Include="XCTask\XCTaskLoop.h">
      <Filter>头文件\XCTask</Filter>
    </ClInclude>
    <ClInclude Include="XCTask\XCTask.h">
      <Filter>头文件\XCTask</Filter>
    </ClInclude>
    <ClInclude Include="XCTask\XCTaskCollisonInfo.h">
      <Filter>头文件\XCTask</Filter>
    </ClInclude>
    <ClInclude Include="XCTask\XCTaskRenderInfo.h">
      <Filter>头文件\XCTask</Filter>
    </ClInclude>
    <ClInclude Include="XCTask\XCEnemyTask.h">
      <Filter>头文件\XCTask</Filter>
    </ClInclude>
    <ClInclude Include="XCTask\XCPlayerTask.h">
      <Filter>头文件\XCTask</Filter>
    </ClInclude>
    <ClInclude Include="rendergroup\PlayerEntity.h">
      <Filter>头文件\RenderGroup</Filter>
    </ClInclude>
    <ClInclude Include="XCTask\XCBulletTask.h">
      <Filter>头文件\XCTask</Filter>
    </ClInclude>
    <ClInclude Include="XCStage\XCBTStage1.h">
      <Filter>头文件\XCStage</Filter>
    </ClInclude>
    <ClInclude Include="XCStage\XCEYStage1.h">
      <Filter>头文件\XCStage</Filter>
    </ClInclude>
    <ClInclude Include="XCGame\Enemy\XCBoss.h">
      <Filter>头文件\XCGame\Enemy</Filter>
    </ClInclude>
    <ClInclude Include="XCGame\Enemy\XCEnemyBase.h">
      <Filter>头文件\XCGame\Enemy</Filter>
    </ClInclude>
    <ClInclude Include="XCSpellCard\XCSpellCard.h">
      <Filter>头文件\XCSpellCard</Filter>
    </ClInclude>
    <ClInclude Include="XCShape\XCDefaultTexturePosition.h">
      <Filter>头文件\XCShape</Filter>
    </ClInclude>
    <ClInclude Include="XCGame\Enemy\Boss\XCTestBoss.h">
      <Filter>头文件\XCGame\Enemy\XCBoss</Filter>
    </ClInclude>
  </ItemGroup>
</Project>